
Microsoft Visual Studio Solution File, Format Version 12.00
# Visual Studio Version 16
VisualStudioVersion = 16.0.32428.217
MinimumVisualStudioVersion = 10.0.40219.1
Project("{8BC9CEB8-8B4A-11D0-8D11-00A0C91BC942}") = "TestHarness", "TestHarness\TestHarness.vcxproj", "{CBD65637-B773-430B-AF11-A0AFEB699D8F}"
EndProject
Project("{8BC9CEB8-8B4A-11D0-8D11-00A0C91BC942}") = "TestHarnessFull", "TestHarnessFull\TestHarnessFull.vcxproj", "{1FD2D0B5-53E2-4E9E-AA4B-2E822ABD2D49}"
EndProject
Project("{8BC9CEB8-8B4A-11D0-8D11-00A0C91BC942}") = "HandleTest", "HandleTest\HandleTest.vcxproj", "{011D4A22-3A89-44F8-A567-C23EC665EBBB}"
EndProject
Project("{8BC9CEB8-8B4A-11D0-8D11-00A0C91BC942}") = "ExceptionTest", "ExceptionTest\ExceptionTest.vcxproj", "{F33082EB-B49F-4630-B919-B9B18C86E358}"
EndProject
Project("{8BC9CEB8-8B4A-11D0-8D11-00A0C91BC942}") = "DumpulatorTemplate", "DumpulatorTemplate\DumpulatorTemplate.vcxproj", "{AE1A644A-8802-4113-B3C8-19C35A512E2A}"
EndProject
Global
	GlobalSection(SolutionConfigurationPlatforms) = preSolution
		Release|x64 = Release|x64
		Release|x86 = Release|x86
	EndGlobalSection
	GlobalSection(ProjectConfigurationPlatforms) = postSolution
		{CBD65637-B773-430B-AF11-A0AFEB699D8F}.Release|x64.ActiveCfg = Release|x64
		{CBD65637-B773-430B-AF11-A0AFEB699D8F}.Release|x64.Build.0 = Release|x64
		{CBD65637-B773-430B-AF11-A0AFEB699D8F}.Release|x86.ActiveCfg = Release|Win32
		{CBD65637-B773-430B-AF11-A0AFEB699D8F}.Release|x86.Build.0 = Release|Win32
		{1FD2D0B5-53E2-4E9E-AA4B-2E822ABD2D49}.Release|x64.ActiveCfg = Release|x64
		{1FD2D0B5-53E2-4E9E-AA4B-2E822ABD2D49}.Release|x64.Build.0 = Release|x64
		{1FD2D0B5-53E2-4E9E-AA4B-2E822ABD2D49}.Release|x86.ActiveCfg = Release|Win32
		{1FD2D0B5-53E2-4E9E-AA4B-2E822ABD2D49}.Release|x86.Build.0 = Release|Win32
		{011D4A22-3A89-44F8-A567-C23EC665EBBB}.Release|x64.ActiveCfg = Release|x64
		{011D4A22-3A89-44F8-A567-C23EC665EBBB}.Release|x64.Build.0 = Release|x64
		{011D4A22-3A89-44F8-A567-C23EC665EBBB}.Release|x86.ActiveCfg = Release|Win32
		{011D4A22-3A89-44F8-A567-C23EC665EBBB}.Release|x86.Build.0 = Release|Win32
		{F33082EB-B49F-4630-B919-B9B18C86E358}.Release|x64.ActiveCfg = Release|x64
		{F33082EB-B49F-4630-B919-B9B18C86E358}.Release|x64.Build.0 = Release|x64
		{F33082EB-B49F-4630-B919-B9B18C86E358}.Release|x86.ActiveCfg = Release|Win32
		{F33082EB-B49F-4630-B919-B9B18C86E358}.Release|x86.Build.0 = Release|Win32
		{AE1A644A-8802-4113-B3C8-19C35A512E2A}.Release|x64.ActiveCfg = Release|x64
		{AE1A644A-8802-4113-B3C8-19C35A512E2A}.Release|x64.Build.0 = Release|x64
		{AE1A644A-8802-4113-B3C8-19C35A512E2A}.Release|x86.ActiveCfg = Release|Win32
		{AE1A644A-8802-4113-B3C8-19C35A512E2A}.Release|x86.Build.0 = Release|Win32
	EndGlobalSection
	GlobalSection(SolutionProperties) = preSolution
		HideSolutionNode = FALSE
	EndGlobalSection
	GlobalSection(ExtensibilityGlobals) = postSolution
		SolutionGuid = {B2416A67-4257-41D9-AD43-263D0467D10D}
	EndGlobalSection
EndGlobal
